# This file is generated by running "yarn install" inside your project.
# Manual changes might be lost - proceed with caution!

__metadata:
  version: 6
  cacheKey: 8

"@babel/runtime@npm:7.12.18":
  version: 7.12.18
  resolution: "@babel/runtime@npm:7.12.18::__archiveUrl=https%3A%2F%2Fregistry.npmjs.org%2F%40babel%2Fruntime%2F-%2Fruntime-7.12.18.tgz"
  dependencies:
    regenerator-runtime: ^0.13.4
  checksum: 0ba38dc8d478584b0b5fb15fc2b7855f9f20561917bd434a66429d55d1165199d6161bc5fb087b87254712827f63561ff5196df66701e5647d67c7d0f557569a
  languageName: node
  linkType: hard

"@babel/runtime@npm:^7.7.6":
  version: 7.17.9
  resolution: "@babel/runtime@npm:7.17.9::__archiveUrl=https%3A%2F%2Fregistry.npmjs.org%2F%40babel%2Fruntime%2F-%2Fruntime-7.17.9.tgz"
  dependencies:
    regenerator-runtime: ^0.13.4
  checksum: 4d56bdb82890f386d5a57c40ef985a0ed7f0a78f789377a2d0c3e8826819e0f7f16ba0fe906d9b2241c5f7ca56630ef0653f5bb99f03771f7b87ff8af4bf5fe3
  languageName: node
  linkType: hard

"@jest/types@npm:^26.6.2":
  version: 26.6.2
  resolution: "@jest/types@npm:26.6.2::__archiveUrl=https%3A%2F%2Fregistry.npmjs.org%2F%40jest%2Ftypes%2F-%2Ftypes-26.6.2.tgz"
  dependencies:
    "@types/istanbul-lib-coverage": ^2.0.0
    "@types/istanbul-reports": ^3.0.0
    "@types/node": "*"
    "@types/yargs": ^15.0.0
    chalk: ^4.0.0
  checksum: a0bd3d2f22f26ddb23f41fddf6e6a30bf4fab2ce79ec1cb6ce6fdfaf90a72e00f4c71da91ec61e13db3b10c41de22cf49d07c57ff2b59171d64b29f909c1d8d6
  languageName: node
  linkType: hard

"@teambit/base-react.navigation.link@npm:2.0.27":
  version: 2.0.27
  resolution: "@teambit/base-react.navigation.link@npm:2.0.27::__archiveUrl=https%3A%2F%2Fnode.bit.cloud%2F%40teambit%2Fbase-react.navigation.link%2F-%2F%40teambit-base-react.navigation.link-2.0.27.tgz"
  dependencies:
    "@teambit/base-ui.routing.compare-url": 1.0.0
    classnames: 2.3.1
    core-js: ^3.0.0
  peerDependencies:
    "@testing-library/react": ^12.0.0
    "@types/react": ^17.0.0
    react: ^16.8.0 || ^17.0.0
    react-dom: ^16.8.0 || ^17.0.0
  checksum: 33e6fc9d6560ffc1dfb1c608e27faba0ed0c87b29f4aafc381a978d464222d02e9b68a1bbb7b22cea3cf561fcdf8451d30c5395c696f3d797c62476d2aad8a9c
  languageName: node
  linkType: hard

"@teambit/base-react.theme.theme-provider@npm:1.95.3":
  version: 1.95.3
  resolution: "@teambit/base-react.theme.theme-provider@npm:1.95.3::__archiveUrl=https%3A%2F%2Fnode.bit.cloud%2F%40teambit%2Fbase-react.theme.theme-provider%2F-%2F%40teambit-base-react.theme.theme-provider-1.95.3.tgz"
  dependencies:
    core-js: ^3.0.0
  peerDependencies:
    react: ^16.8.0 || ^17.0.0
    react-dom: ^16.8.0 || ^17.0.0
  checksum: b579b9bc873a14a8189909215b3cd490649a5aef97c1248d1d5437b59275728881bfb838b4bc5a15ea014b9aee445aeedb204ab8e48510f7e7029f3e57e0f0b2
  languageName: node
  linkType: hard

"@teambit/base-ui.routing.compare-url@npm:1.0.0":
  version: 1.0.0
  resolution: "@teambit/base-ui.routing.compare-url@npm:1.0.0::__archiveUrl=https%3A%2F%2Fregistry.npmjs.org%2F%40teambit%2Fbase-ui.routing.compare-url%2F-%2Fbase-ui.routing.compare-url-1.0.0.tgz"
  dependencies:
    core-js: ^3.0.0
    url-parse: 1.5.1
  peerDependencies:
    react: ^16.8.0 || ^17.0.0
    react-dom: ^16.8.0 || ^17.0.0
  checksum: c57cbab0c094a1b3783a4ff07f7b7a7d2b1e3586379ebac4fb262806d10d7bad8782485d367639e1250560a48459e6a257e23298f4aa2808f004fb9c0ed571ec
  languageName: node
  linkType: hard

"@teambit/cloud.cloud-provider@npm:0.0.30":
  version: 0.0.30
  resolution: "@teambit/cloud.cloud-provider@npm:0.0.30::__archiveUrl=https%3A%2F%2Fnode.bit.cloud%2F%40teambit%2Fcloud.cloud-provider%2F-%2F%40teambit-cloud.cloud-provider-0.0.30.tgz"
  dependencies:
    "@teambit/graphql.contexts.graphql-provider": 0.0.6
    core-js: ^3.0.0
  peerDependencies:
    "@apollo/client": 3.5.10
    "@testing-library/react": 12.1.3
    react: ^16.8.0 || ^17.0.0
    react-dom: ^16.8.0 || ^17.0.0
  checksum: 9c2c808a22aa854a38b855352dd0e3313d40d4f3fb84f24fed665975261dc34b3ad74dbbf11eac03ac86bc6b6d48094c559c20c9864bccb56da3f784dfef25e7
  languageName: node
  linkType: hard

"@teambit/community.envs.community-react@npm:1.95.12":
  version: 1.95.12
  resolution: "@teambit/community.envs.community-react@npm:1.95.12::__archiveUrl=https%3A%2F%2Fnode.bit.cloud%2F%40teambit%2Fcommunity.envs.community-react%2F-%2F%40teambit-community.envs.community-react-1.95.12.tgz"
  dependencies:
    "@babel/runtime": 7.12.18
    "@teambit/base-react.navigation.link": 2.0.27
    "@teambit/cloud.cloud-provider": 0.0.30
    "@teambit/dependencies.modules.packages-excluder": 0.0.44
    "@teambit/design.themes.theme-toggler": 0.1.0
    "@teambit/harmony": 0.3.3
    "@teambit/ui-foundation.ui.navigation.react-router-adapter": 6.1.1
    core-js: ^3.0.0
    react-router-dom: ^6.0.0
  peerDependencies:
    react: ^16.8.0 || ^17.0.0
    react-dom: ^16.8.0 || ^17.0.0
    react-router-dom: ^6.0.0
  checksum: 697ed8f3488b5f33483272cbddc17f63bca43635abd16baee6bdc8140b145e061c1f424225c4961a1aa4114caa7d47bda08106afa839db07203b3c87dafcd4e4
  languageName: node
  linkType: hard

"@teambit/dependencies.modules.packages-excluder@npm:0.0.44":
  version: 0.0.44
  resolution: "@teambit/dependencies.modules.packages-excluder@npm:0.0.44::__archiveUrl=https%3A%2F%2Fregistry.npmjs.org%2F%40teambit%2Fdependencies.modules.packages-excluder%2F-%2Fdependencies.modules.packages-excluder-0.0.44.tgz"
  peerDependencies:
    "@teambit/legacy": 1.0.185
    react: 17.0.2
  checksum: 2ccbb12c79444f325c7bd9d8cb3e6fdc3380d920170b08ac6f3c8f5ea724a2c94b5558f714090855407bf7a823f02216287d69689003936d640c3a04c9f6df96
  languageName: node
  linkType: hard

"@teambit/design.theme.icons-font@npm:1.0.8":
  version: 1.0.8
  resolution: "@teambit/design.theme.icons-font@npm:1.0.8::__archiveUrl=https%3A%2F%2Fregistry.npmjs.org%2F%40teambit%2Fdesign.theme.icons-font%2F-%2Fdesign.theme.icons-font-1.0.8.tgz"
  dependencies:
    core-js: ^3.0.0
  peerDependencies:
    react: ^16.8.0 || ^17.0.0
    react-dom: ^16.8.0 || ^17.0.0
  checksum: 635b9fee3675c3228c725c2ff2918bf7d8439f3a943a47202ec4b2e4db4af6efce9229fd569bdbdc92ea890c32fe44c5df131ece0b3a89bd305680079ab95926
  languageName: node
  linkType: hard

"@teambit/design.themes.base-theme@npm:0.1.0":
  version: 0.1.0
  resolution: "@teambit/design.themes.base-theme@npm:0.1.0::__archiveUrl=https%3A%2F%2Fnode.bit.cloud%2F%40teambit%2Fdesign.themes.base-theme%2F-%2F%40teambit-design.themes.base-theme-0.1.0.tgz"
  dependencies:
    "@teambit/base-react.theme.theme-provider": 1.95.3
    "@teambit/design.theme.icons-font": 1.0.8
    classnames: 2.3.1
    core-js: ^3.0.0
  peerDependencies:
    "@testing-library/react": 12.0.0
    react: ^16.8.0 || ^17.0.0
    react-dom: ^16.8.0 || ^17.0.0
  checksum: 3c7265dcc3a405f165870c10d9bda917ed76df6be39e822f0af888e92e31fdf81b556823bd43e4171bcf1e83ccdd49d6a39b74c24ed5fe9528fcc67d8a008f57
  languageName: node
  linkType: hard

"@teambit/design.themes.dark-theme@npm:1.91.0":
  version: 1.91.0
  resolution: "@teambit/design.themes.dark-theme@npm:1.91.0::__archiveUrl=https%3A%2F%2Fnode.bit.cloud%2F%40teambit%2Fdesign.themes.dark-theme%2F-%2F%40teambit-design.themes.dark-theme-1.91.0.tgz"
  dependencies:
    "@teambit/design.themes.base-theme": 0.1.0
    core-js: ^3.0.0
  peerDependencies:
    "@testing-library/react": 12.0.0
    react: ^16.8.0 || ^17.0.0
    react-dom: ^16.8.0 || ^17.0.0
  checksum: 4e6c172da5612c41818124aa028f617bee1309cb626b2a3fc7c8809330ba3ffa803b39e6e4bee3d49fd637cf8006ac0f61ddc737b5a4c805695ba8544d5bb8f8
  languageName: node
  linkType: hard

"@teambit/design.themes.light-theme@npm:0.1.0":
  version: 0.1.0
  resolution: "@teambit/design.themes.light-theme@npm:0.1.0::__archiveUrl=https%3A%2F%2Fnode.bit.cloud%2F%40teambit%2Fdesign.themes.light-theme%2F-%2F%40teambit-design.themes.light-theme-0.1.0.tgz"
  dependencies:
    "@teambit/design.themes.base-theme": 0.1.0
    core-js: ^3.0.0
  peerDependencies:
    "@testing-library/react": 12.0.0
    react: ^16.8.0 || ^17.0.0
    react-dom: ^16.8.0 || ^17.0.0
  checksum: 9323fc32c55c34d5bc50a040dc3e810e488c0acf41d44e11b10a31136ad4ec7f7e14e80f70207dc1224426e532241fe9b1700624812f423ad2c8024ab29a99f2
  languageName: node
  linkType: hard

"@teambit/design.themes.theme-toggler@npm:0.1.0":
  version: 0.1.0
  resolution: "@teambit/design.themes.theme-toggler@npm:0.1.0::__archiveUrl=https%3A%2F%2Fnode.bit.cloud%2F%40teambit%2Fdesign.themes.theme-toggler%2F-%2F%40teambit-design.themes.theme-toggler-0.1.0.tgz"
  dependencies:
    "@teambit/design.themes.base-theme": 0.1.0
    "@teambit/design.themes.dark-theme": 1.91.0
    "@teambit/design.themes.light-theme": 0.1.0
    core-js: ^3.0.0
  peerDependencies:
    "@testing-library/react": 12.0.0
    react: ^16.8.0 || ^17.0.0
    react-dom: ^16.8.0 || ^17.0.0
  checksum: f3858371cd61b7c6eec1a3f008e9f0c711868a8c6e3abca493eebf5538e66a9d626c4a837394e3ccbbe9a324ebef28a4bf44cbded9114b275e952c9ee0148c11
  languageName: node
  linkType: hard

"@teambit/graphql.contexts.graphql-provider@npm:0.0.6":
  version: 0.0.6
  resolution: "@teambit/graphql.contexts.graphql-provider@npm:0.0.6::__archiveUrl=https%3A%2F%2Fnode.bit.cloud%2F%40teambit%2Fgraphql.contexts.graphql-provider%2F-%2F%40teambit-graphql.contexts.graphql-provider-0.0.6.tgz"
  dependencies:
    core-js: ^3.0.0
  peerDependencies:
    "@apollo/client": 3.3.7
    react: ^16.8.0 || ^17.0.0
    react-dom: ^16.8.0 || ^17.0.0
  checksum: 9d65e6289d640c3d8e939004674cae0a85cb7f8cbcdbfc548ed68cca87ba7c13a68b2629fce26c5a724446b786c171f79748ad2c25fc1f2ecb8cf1b0196ceaf8
  languageName: node
  linkType: hard

"@teambit/harmony@npm:0.3.3":
  version: 0.3.3
  resolution: "@teambit/harmony@npm:0.3.3::__archiveUrl=https%3A%2F%2Fregistry.npmjs.org%2F%40teambit%2Fharmony%2F-%2Fharmony-0.3.3.tgz"
  dependencies:
    cleargraph: ^5.6.0
    comment-json: ^3.0.3
    fs-extra: ^8.1.0
    reflect-metadata: ^0.1.13
    user-home: ^2.0.0
  checksum: a6aaf9a4b98e63b2e34ef7564b3de4f458ffc6de79c340f6031940826da72bf30867b8967ed007fec52f722db52b63f34945e048f59314acac1efdc685a24140
  languageName: node
  linkType: hard

"@teambit/ui-foundation.ui.navigation.react-router-adapter@npm:6.1.1":
  version: 6.1.1
  resolution: "@teambit/ui-foundation.ui.navigation.react-router-adapter@npm:6.1.1::__archiveUrl=https%3A%2F%2Fnode.bit.cloud%2F%40teambit%2Fui-foundation.ui.navigation.react-router-adapter%2F-%2F%40teambit-ui-foundation.ui.navigation.react-router-adapter-6.1.1.tgz"
  dependencies:
    "@teambit/base-react.navigation.link": 2.0.27
    classnames: 2.3.1
    core-js: ^3.0.0
    history: 5.3.0
  peerDependencies:
    "@types/react": ^17.0.0
    react: ^16.8.0 || ^17.0.0
    react-dom: ^16.8.0 || ^17.0.0
    react-router-dom: ^6.0.0
  checksum: c06f8b78d8f038c713a320623a7404984745824ab5652495efde5c35d861ac582c92c69ffc3588d7054cd47213b06ba843159df523f55e9ae1e9b67ae4148eea
  languageName: node
  linkType: hard

"@types/istanbul-lib-coverage@npm:*, @types/istanbul-lib-coverage@npm:^2.0.0":
  version: 2.0.4
  resolution: "@types/istanbul-lib-coverage@npm:2.0.4::__archiveUrl=https%3A%2F%2Fregistry.npmjs.org%2F%40types%2Fistanbul-lib-coverage%2F-%2Fistanbul-lib-coverage-2.0.4.tgz"
  checksum: a25d7589ee65c94d31464c16b72a9dc81dfa0bea9d3e105ae03882d616e2a0712a9c101a599ec482d297c3591e16336962878cb3eb1a0a62d5b76d277a890ce7
  languageName: node
  linkType: hard

"@types/istanbul-lib-report@npm:*":
  version: 3.0.0
  resolution: "@types/istanbul-lib-report@npm:3.0.0::__archiveUrl=https%3A%2F%2Fregistry.npmjs.org%2F%40types%2Fistanbul-lib-report%2F-%2Fistanbul-lib-report-3.0.0.tgz"
  dependencies:
    "@types/istanbul-lib-coverage": "*"
  checksum: 656398b62dc288e1b5226f8880af98087233cdb90100655c989a09f3052b5775bf98ba58a16c5ae642fb66c61aba402e07a9f2bff1d1569e3b306026c59f3f36
  languageName: node
  linkType: hard

"@types/istanbul-reports@npm:^3.0.0":
  version: 3.0.1
  resolution: "@types/istanbul-reports@npm:3.0.1::__archiveUrl=https%3A%2F%2Fregistry.npmjs.org%2F%40types%2Fistanbul-reports%2F-%2Fistanbul-reports-3.0.1.tgz"
  dependencies:
    "@types/istanbul-lib-report": "*"
  checksum: f1ad54bc68f37f60b30c7915886b92f86b847033e597f9b34f2415acdbe5ed742fa559a0a40050d74cdba3b6a63c342cac1f3a64dba5b68b66a6941f4abd7903
  languageName: node
  linkType: hard

"@types/jest@npm:*":
  version: 27.4.1
  resolution: "@types/jest@npm:27.4.1::__archiveUrl=https%3A%2F%2Fregistry.npmjs.org%2F%40types%2Fjest%2F-%2Fjest-27.4.1.tgz"
  dependencies:
    jest-matcher-utils: ^27.0.0
    pretty-format: ^27.0.0
  checksum: 5184f3eef4832d01ee8f59bed15eec45ccc8e29c724a5e6ce37bf74396b37bdf04f557000f45ba4fc38ae6075cf9cfcce3d7a75abc981023c61ceb27230a93e4
  languageName: node
  linkType: hard

"@types/jest@npm:^26.0.0":
  version: 26.0.24
  resolution: "@types/jest@npm:26.0.24::__archiveUrl=https%3A%2F%2Fregistry.npmjs.org%2F%40types%2Fjest%2F-%2Fjest-26.0.24.tgz"
  dependencies:
    jest-diff: ^26.0.0
    pretty-format: ^26.0.0
  checksum: ae39675412f08d884926254e9b12bfd2b5a4e4d204c94d3148cb942174a474930d0c60540133c968f22241d4712b7940c96cbc883096eb326a4d5b206fb78bd0
  languageName: node
  linkType: hard

"@types/node@npm:*":
  version: 17.0.25
  resolution: "@types/node@npm:17.0.25::__archiveUrl=https%3A%2F%2Fregistry.npmjs.org%2F%40types%2Fnode%2F-%2Fnode-17.0.25.tgz"
  checksum: 6a820bd624e69ea772f52a6cdb326484eff5829443dc981939373929ade109f58c21698b9f0a831bd6ceea799e722a75dc49c5fa7a6bc32a81e1cbdfc6507b64
  languageName: node
  linkType: hard

"@types/node@npm:12.20.4":
  version: 12.20.4
  resolution: "@types/node@npm:12.20.4::__archiveUrl=https%3A%2F%2Fregistry.npmjs.org%2F%40types%2Fnode%2F-%2Fnode-12.20.4.tgz"
  checksum: 30f1f5d8159fcb968206706f0f943167731f3d0763602571af29676b1afdcfe3b41524442cacdee3853a456dcd11d0e3ab2bf28b6821dfa2749a4b393fe7b510
  languageName: node
  linkType: hard

"@types/prop-types@npm:*":
  version: 15.7.5
  resolution: "@types/prop-types@npm:15.7.5::__archiveUrl=https%3A%2F%2Fregistry.npmjs.org%2F%40types%2Fprop-types%2F-%2Fprop-types-15.7.5.tgz"
  checksum: 5b43b8b15415e1f298243165f1d44390403bb2bd42e662bca3b5b5633fdd39c938e91b7fce3a9483699db0f7a715d08cef220c121f723a634972fdf596aec980
  languageName: node
  linkType: hard

"@types/react-dom@npm:^17.0.5":
  version: 17.0.15
  resolution: "@types/react-dom@npm:17.0.15::__archiveUrl=https%3A%2F%2Fregistry.npmjs.org%2F%40types%2Freact-dom%2F-%2Freact-dom-17.0.15.tgz"
  dependencies:
    "@types/react": ^17
  checksum: 7b90372bd7207d3860e1043ebfe10fd21fbd9ec3417a29593ca14359774830c888ba4ebb25cf0510628607496f8d35b09d23d329ea709b9311f5866185c5fd67
  languageName: node
  linkType: hard

"@types/react@npm:^17, @types/react@npm:^17.0.8":
  version: 17.0.44
  resolution: "@types/react@npm:17.0.44::__archiveUrl=https%3A%2F%2Fregistry.npmjs.org%2F%40types%2Freact%2F-%2Freact-17.0.44.tgz"
  dependencies:
    "@types/prop-types": "*"
    "@types/scheduler": "*"
    csstype: ^3.0.2
  checksum: ebee02778ca08f954c316dc907802264e0121c87b8fa2e7e0156ab0ef2a1b0a09d968c016a3600ec4c9a17dc09b4274f292d9b15a1a5369bb7e4072def82808f
  languageName: node
  linkType: hard

"@types/scheduler@npm:*":
  version: 0.16.2
  resolution: "@types/scheduler@npm:0.16.2::__archiveUrl=https%3A%2F%2Fregistry.npmjs.org%2F%40types%2Fscheduler%2F-%2Fscheduler-0.16.2.tgz"
  checksum: b6b4dcfeae6deba2e06a70941860fb1435730576d3689225a421280b7742318d1548b3d22c1f66ab68e414f346a9542f29240bc955b6332c5b11e561077583bc
  languageName: node
  linkType: hard

"@types/testing-library__jest-dom@npm:5.9.5":
  version: 5.9.5
  resolution: "@types/testing-library__jest-dom@npm:5.9.5::__archiveUrl=https%3A%2F%2Fregistry.npmjs.org%2F%40types%2Ftesting-library__jest-dom%2F-%2Ftesting-library__jest-dom-5.9.5.tgz"
  dependencies:
    "@types/jest": "*"
  checksum: f2ed81103acb52d54f992d826e3854551294618628997dc01f8955efd8c1d476d64715b79187371b09ec3e61e44cc10a7ffe1e427d1bda798552f83d18309056
  languageName: node
  linkType: hard

"@types/yargs-parser@npm:*":
  version: 21.0.0
  resolution: "@types/yargs-parser@npm:21.0.0::__archiveUrl=https%3A%2F%2Fregistry.npmjs.org%2F%40types%2Fyargs-parser%2F-%2Fyargs-parser-21.0.0.tgz"
  checksum: b2f4c8d12ac18a567440379909127cf2cec393daffb73f246d0a25df36ea983b93b7e9e824251f959e9f928cbc7c1aab6728d0a0ff15d6145f66cec2be67d9a2
  languageName: node
  linkType: hard

"@types/yargs@npm:^15.0.0":
  version: 15.0.14
  resolution: "@types/yargs@npm:15.0.14::__archiveUrl=https%3A%2F%2Fregistry.npmjs.org%2F%40types%2Fyargs%2F-%2Fyargs-15.0.14.tgz"
  dependencies:
    "@types/yargs-parser": "*"
  checksum: 8e358aeb8f0c3758e59e2b8fcfdee5627ab2fe3d92f50f380503d966c7f33287be3322155516a50d27727fde1ad3878f48f60cd6648439126d4b0bbb1a1153ed
  languageName: node
  linkType: hard

"ansi-regex@npm:^5.0.0, ansi-regex@npm:^5.0.1":
  version: 5.0.1
  resolution: "ansi-regex@npm:5.0.1::__archiveUrl=https%3A%2F%2Fregistry.npmjs.org%2Fansi-regex%2F-%2Fansi-regex-5.0.1.tgz"
  checksum: 2aa4bb54caf2d622f1afdad09441695af2a83aa3fe8b8afa581d205e57ed4261c183c4d3877cee25794443fde5876417d859c108078ab788d6af7e4fe52eb66b
  languageName: node
  linkType: hard

"ansi-styles@npm:^4.0.0, ansi-styles@npm:^4.1.0":
  version: 4.3.0
  resolution: "ansi-styles@npm:4.3.0::__archiveUrl=https%3A%2F%2Fregistry.npmjs.org%2Fansi-styles%2F-%2Fansi-styles-4.3.0.tgz"
  dependencies:
    color-convert: ^2.0.1
  checksum: 513b44c3b2105dd14cc42a19271e80f386466c4be574bccf60b627432f9198571ebf4ab1e4c3ba17347658f4ee1711c163d574248c0c1cdc2d5917a0ad582ec4
  languageName: node
  linkType: hard

"ansi-styles@npm:^5.0.0":
  version: 5.2.0
  resolution: "ansi-styles@npm:5.2.0::__archiveUrl=https%3A%2F%2Fregistry.npmjs.org%2Fansi-styles%2F-%2Fansi-styles-5.2.0.tgz"
  checksum: d7f4e97ce0623aea6bc0d90dcd28881ee04cba06c570b97fd3391bd7a268eedfd9d5e2dd4fdcbdd82b8105df5faf6f24aaedc08eaf3da898e702db5948f63469
  languageName: node
  linkType: hard

"breakpoints-974be4@workspace:bits/responsive/breakpoints":
  version: 0.0.0-use.local
  resolution: "breakpoints-974be4@workspace:bits/responsive/breakpoints"
  languageName: unknown
  linkType: soft

"chalk@npm:^4.0.0":
  version: 4.1.2
  resolution: "chalk@npm:4.1.2::__archiveUrl=https%3A%2F%2Fregistry.npmjs.org%2Fchalk%2F-%2Fchalk-4.1.2.tgz"
  dependencies:
    ansi-styles: ^4.1.0
    supports-color: ^7.1.0
  checksum: fe75c9d5c76a7a98d45495b91b2172fa3b7a09e0cc9370e5c8feb1c567b85c4288e2b3fded7cfdd7359ac28d6b3844feb8b82b8686842e93d23c827c417e83fc
  languageName: node
  linkType: hard

"classnames@npm:2.3.1":
  version: 2.3.1
  resolution: "classnames@npm:2.3.1::__archiveUrl=https%3A%2F%2Fregistry.npmjs.org%2Fclassnames%2F-%2Fclassnames-2.3.1.tgz"
  checksum: 14db8889d56c267a591f08b0834989fe542d47fac659af5a539e110cc4266694e8de86e4e3bbd271157dbd831361310a8293e0167141e80b0f03a0f175c80960
  languageName: node
  linkType: hard

"cleargraph@npm:^5.6.0":
  version: 5.8.0
  resolution: "cleargraph@npm:5.8.0::__archiveUrl=https%3A%2F%2Fregistry.npmjs.org%2Fcleargraph%2F-%2Fcleargraph-5.8.0.tgz"
  dependencies:
    graphlib: ^2.1.8
    lodash: ^4.17.15
  checksum: cbf6cd32ae57829261841ed4b307c83a6c9251fd43adc7a0e7ca26e8bd1967d8c17bc375588a32400ef7d217979962f9176e33166d0a76fd2486d0243c316185
  languageName: node
  linkType: hard

"color-convert@npm:^2.0.1":
  version: 2.0.1
  resolution: "color-convert@npm:2.0.1::__archiveUrl=https%3A%2F%2Fregistry.npmjs.org%2Fcolor-convert%2F-%2Fcolor-convert-2.0.1.tgz"
  dependencies:
    color-name: ~1.1.4
  checksum: 79e6bdb9fd479a205c71d89574fccfb22bd9053bd98c6c4d870d65c132e5e904e6034978e55b43d69fcaa7433af2016ee203ce76eeba9cfa554b373e7f7db336
  languageName: node
  linkType: hard

"color-name@npm:~1.1.4":
  version: 1.1.4
  resolution: "color-name@npm:1.1.4::__archiveUrl=https%3A%2F%2Fregistry.npmjs.org%2Fcolor-name%2F-%2Fcolor-name-1.1.4.tgz"
  checksum: b0445859521eb4021cd0fb0cc1a75cecf67fceecae89b63f62b201cca8d345baf8b952c966862a9d9a2632987d4f6581f0ec8d957dfacece86f0a7919316f610
  languageName: node
  linkType: hard

"comment-json@npm:^3.0.3":
  version: 3.0.3
  resolution: "comment-json@npm:3.0.3::__archiveUrl=https%3A%2F%2Fregistry.npmjs.org%2Fcomment-json%2F-%2Fcomment-json-3.0.3.tgz"
  dependencies:
    core-util-is: ^1.0.2
    esprima: ^4.0.1
    has-own-prop: ^2.0.0
    repeat-string: ^1.6.1
  checksum: c8e92e820b73e7bd83890e38680617b21028eca9a7e83a2af72750eae8c7e2570dd40e5848148b1e1d34d58ce62a0cb4e2b5836df0f8daa1d6bceca8666936cd
  languageName: node
  linkType: hard

"core-js@npm:^3.0.0":
  version: 3.22.2
  resolution: "core-js@npm:3.22.2::__archiveUrl=https%3A%2F%2Fregistry.npmjs.org%2Fcore-js%2F-%2Fcore-js-3.22.2.tgz"
  checksum: 23efd6148d2f564852f23de426401c86f1d8af410eacccf22ae5dd82b1e9de558f05692cacd4b7e709d47993c670d7bca6f601d0b2ab32cf397a113fc5b7d80c
  languageName: node
  linkType: hard

"core-util-is@npm:^1.0.2":
  version: 1.0.3
  resolution: "core-util-is@npm:1.0.3::__archiveUrl=https%3A%2F%2Fregistry.npmjs.org%2Fcore-util-is%2F-%2Fcore-util-is-1.0.3.tgz"
  checksum: 9de8597363a8e9b9952491ebe18167e3b36e7707569eed0ebf14f8bba773611376466ae34575bca8cfe3c767890c859c74056084738f09d4e4a6f902b2ad7d99
  languageName: node
  linkType: hard

"csstype@npm:^3.0.2":
  version: 3.0.11
  resolution: "csstype@npm:3.0.11::__archiveUrl=https%3A%2F%2Fregistry.npmjs.org%2Fcsstype%2F-%2Fcsstype-3.0.11.tgz"
  checksum: 95e56abfe9ca219ae065acb4e43f61771a03170eed919127f558dfa168240867aba7629c8d98a201a0dd06d9a5ce82686f0570031c928516c61816adbc7c877f
  languageName: node
  linkType: hard

"diff-sequences@npm:^26.6.2":
  version: 26.6.2
  resolution: "diff-sequences@npm:26.6.2::__archiveUrl=https%3A%2F%2Fregistry.npmjs.org%2Fdiff-sequences%2F-%2Fdiff-sequences-26.6.2.tgz"
  checksum: 79af871776ef149a7ff3345d6b1bf37fe6e81f68632aa5542787851f6f60fba19b0be22fdd1e06046f56ae7382763ccfe94a982c39ee72bd107aef435ecbc0cf
  languageName: node
  linkType: hard

"diff-sequences@npm:^27.5.1":
  version: 27.5.1
  resolution: "diff-sequences@npm:27.5.1::__archiveUrl=https%3A%2F%2Fregistry.npmjs.org%2Fdiff-sequences%2F-%2Fdiff-sequences-27.5.1.tgz"
  checksum: a00db5554c9da7da225db2d2638d85f8e41124eccbd56cbaefb3b276dcbb1c1c2ad851c32defe2055a54a4806f030656cbf6638105fd6ce97bb87b90b32a33ca
  languageName: node
  linkType: hard

"esprima@npm:^4.0.1":
  version: 4.0.1
  resolution: "esprima@npm:4.0.1::__archiveUrl=https%3A%2F%2Fregistry.npmjs.org%2Fesprima%2F-%2Fesprima-4.0.1.tgz"
  bin:
    esparse: ./bin/esparse.js
    esvalidate: ./bin/esvalidate.js
  checksum: b45bc805a613dbea2835278c306b91aff6173c8d034223fa81498c77dcbce3b2931bf6006db816f62eacd9fd4ea975dfd85a5b7f3c6402cfd050d4ca3c13a628
  languageName: node
  linkType: hard

"fs-extra@npm:^8.1.0":
  version: 8.1.0
  resolution: "fs-extra@npm:8.1.0::__archiveUrl=https%3A%2F%2Fregistry.npmjs.org%2Ffs-extra%2F-%2Ffs-extra-8.1.0.tgz"
  dependencies:
    graceful-fs: ^4.2.0
    jsonfile: ^4.0.0
    universalify: ^0.1.0
  checksum: bf44f0e6cea59d5ce071bba4c43ca76d216f89e402dc6285c128abc0902e9b8525135aa808adad72c9d5d218e9f4bcc63962815529ff2f684ad532172a284880
  languageName: node
  linkType: hard

"graceful-fs@npm:^4.1.6, graceful-fs@npm:^4.2.0":
  version: 4.2.10
  resolution: "graceful-fs@npm:4.2.10::__archiveUrl=https%3A%2F%2Fregistry.npmjs.org%2Fgraceful-fs%2F-%2Fgraceful-fs-4.2.10.tgz"
  checksum: 3f109d70ae123951905d85032ebeae3c2a5a7a997430df00ea30df0e3a6c60cf6689b109654d6fdacd28810a053348c4d14642da1d075049e6be1ba5216218da
  languageName: node
  linkType: hard

"graphlib@npm:^2.1.8":
  version: 2.1.8
  resolution: "graphlib@npm:2.1.8::__archiveUrl=https%3A%2F%2Fregistry.npmjs.org%2Fgraphlib%2F-%2Fgraphlib-2.1.8.tgz"
  dependencies:
    lodash: ^4.17.15
  checksum: 1e0db4dea1c8187d59103d5582ecf32008845ebe2103959a51d22cb6dae495e81fb9263e22c922bca3aaecb56064a45cd53424e15a4626cfb5a0c52d0aff61a8
  languageName: node
  linkType: hard

"has-flag@npm:^4.0.0":
  version: 4.0.0
  resolution: "has-flag@npm:4.0.0::__archiveUrl=https%3A%2F%2Fregistry.npmjs.org%2Fhas-flag%2F-%2Fhas-flag-4.0.0.tgz"
  checksum: 261a1357037ead75e338156b1f9452c016a37dcd3283a972a30d9e4a87441ba372c8b81f818cd0fbcd9c0354b4ae7e18b9e1afa1971164aef6d18c2b6095a8ad
  languageName: node
  linkType: hard

"has-own-prop@npm:^2.0.0":
  version: 2.0.0
  resolution: "has-own-prop@npm:2.0.0::__archiveUrl=https%3A%2F%2Fregistry.npmjs.org%2Fhas-own-prop%2F-%2Fhas-own-prop-2.0.0.tgz"
  checksum: ca6336e85ead2295c9603880cbc199e2d3ff7eaea0e9035d68fbc79892e9cf681abc62c0909520f112c671dad9961be2173b21dff951358cc98425c560e789e0
  languageName: node
  linkType: hard

"history@npm:5.3.0, history@npm:^5.2.0":
  version: 5.3.0
  resolution: "history@npm:5.3.0::__archiveUrl=https%3A%2F%2Fregistry.npmjs.org%2Fhistory%2F-%2Fhistory-5.3.0.tgz"
  dependencies:
    "@babel/runtime": ^7.7.6
  checksum: d73c35df49d19ac172f9547d30a21a26793e83f16a78386d99583b5bf1429cc980799fcf1827eb215d31816a6600684fba9686ce78104e23bd89ec239e7c726f
  languageName: node
  linkType: hard

"jest-diff@npm:^26.0.0":
  version: 26.6.2
  resolution: "jest-diff@npm:26.6.2::__archiveUrl=https%3A%2F%2Fregistry.npmjs.org%2Fjest-diff%2F-%2Fjest-diff-26.6.2.tgz"
  dependencies:
    chalk: ^4.0.0
    diff-sequences: ^26.6.2
    jest-get-type: ^26.3.0
    pretty-format: ^26.6.2
  checksum: d00d297f31e1ac0252127089892432caa7a11c69bde29cf3bb6c7a839c8afdb95cf1fd401f9df16a4422745da2e6a5d94b428b30666a2540c38e1c5699915c2d
  languageName: node
  linkType: hard

"jest-diff@npm:^27.5.1":
  version: 27.5.1
  resolution: "jest-diff@npm:27.5.1::__archiveUrl=https%3A%2F%2Fregistry.npmjs.org%2Fjest-diff%2F-%2Fjest-diff-27.5.1.tgz"
  dependencies:
    chalk: ^4.0.0
    diff-sequences: ^27.5.1
    jest-get-type: ^27.5.1
    pretty-format: ^27.5.1
  checksum: 8be27c1e1ee57b2bb2bef9c0b233c19621b4c43d53a3c26e2c00a4e805eb4ea11fe1694a06a9fb0e80ffdcfdc0d2b1cb0b85920b3f5c892327ecd1e7bd96b865
  languageName: node
  linkType: hard

"jest-get-type@npm:^26.3.0":
  version: 26.3.0
  resolution: "jest-get-type@npm:26.3.0::__archiveUrl=https%3A%2F%2Fregistry.npmjs.org%2Fjest-get-type%2F-%2Fjest-get-type-26.3.0.tgz"
  checksum: 1cc6465ae4f5e880be22ba52fd270fa64c21994915f81b41f8f7553a7957dd8e077cc8d03035de9412e2d739f8bad6a032ebb5dab5805692a5fb9e20dd4ea666
  languageName: node
  linkType: hard

"jest-get-type@npm:^27.5.1":
  version: 27.5.1
  resolution: "jest-get-type@npm:27.5.1::__archiveUrl=https%3A%2F%2Fregistry.npmjs.org%2Fjest-get-type%2F-%2Fjest-get-type-27.5.1.tgz"
  checksum: 63064ab70195c21007d897c1157bf88ff94a790824a10f8c890392e7d17eda9c3900513cb291ca1c8d5722cad79169764e9a1279f7c8a9c4cd6e9109ff04bbc0
  languageName: node
  linkType: hard

"jest-matcher-utils@npm:^27.0.0":
  version: 27.5.1
  resolution: "jest-matcher-utils@npm:27.5.1::__archiveUrl=https%3A%2F%2Fregistry.npmjs.org%2Fjest-matcher-utils%2F-%2Fjest-matcher-utils-27.5.1.tgz"
  dependencies:
    chalk: ^4.0.0
    jest-diff: ^27.5.1
    jest-get-type: ^27.5.1
    pretty-format: ^27.5.1
  checksum: bb2135fc48889ff3fe73888f6cc7168ddab9de28b51b3148f820c89fdfd2effdcad005f18be67d0b9be80eda208ad47290f62f03d0a33f848db2dd0273c8217a
  languageName: node
  linkType: hard

"jsonfile@npm:^4.0.0":
  version: 4.0.0
  resolution: "jsonfile@npm:4.0.0::__archiveUrl=https%3A%2F%2Fregistry.npmjs.org%2Fjsonfile%2F-%2Fjsonfile-4.0.0.tgz"
  dependencies:
    graceful-fs: ^4.1.6
  dependenciesMeta:
    graceful-fs:
      optional: true
  checksum: 6447d6224f0d31623eef9b51185af03ac328a7553efcee30fa423d98a9e276ca08db87d71e17f2310b0263fd3ffa6c2a90a6308367f661dc21580f9469897c9e
  languageName: node
  linkType: hard

"lodash@npm:^4.17.15":
  version: 4.17.21
  resolution: "lodash@npm:4.17.21::__archiveUrl=https%3A%2F%2Fregistry.npmjs.org%2Flodash%2F-%2Flodash-4.17.21.tgz"
  checksum: eb835a2e51d381e561e508ce932ea50a8e5a68f4ebdd771ea240d3048244a8d13658acbd502cd4829768c56f2e16bdd4340b9ea141297d472517b83868e677f7
  languageName: node
  linkType: hard

"os-homedir@npm:^1.0.0":
  version: 1.0.2
  resolution: "os-homedir@npm:1.0.2::__archiveUrl=https%3A%2F%2Fregistry.npmjs.org%2Fos-homedir%2F-%2Fos-homedir-1.0.2.tgz"
  checksum: af609f5a7ab72de2f6ca9be6d6b91a599777afc122ac5cad47e126c1f67c176fe9b52516b9eeca1ff6ca0ab8587fe66208bc85e40a3940125f03cdb91408e9d2
  languageName: node
  linkType: hard

"pretty-format@npm:^26.0.0, pretty-format@npm:^26.6.2":
  version: 26.6.2
  resolution: "pretty-format@npm:26.6.2::__archiveUrl=https%3A%2F%2Fregistry.npmjs.org%2Fpretty-format%2F-%2Fpretty-format-26.6.2.tgz"
  dependencies:
    "@jest/types": ^26.6.2
    ansi-regex: ^5.0.0
    ansi-styles: ^4.0.0
    react-is: ^17.0.1
  checksum: e3b808404d7e1519f0df1aa1f25cee0054ab475775c6b2b8c5568ff23194a92d54bf93274139b6f584ca70fd773be4eaa754b0e03f12bb0a8d1426b07f079976
  languageName: node
  linkType: hard

"pretty-format@npm:^27.0.0, pretty-format@npm:^27.5.1":
  version: 27.5.1
  resolution: "pretty-format@npm:27.5.1::__archiveUrl=https%3A%2F%2Fregistry.npmjs.org%2Fpretty-format%2F-%2Fpretty-format-27.5.1.tgz"
  dependencies:
    ansi-regex: ^5.0.1
    ansi-styles: ^5.0.0
    react-is: ^17.0.1
  checksum: cf610cffcb793885d16f184a62162f2dd0df31642d9a18edf4ca298e909a8fe80bdbf556d5c9573992c102ce8bf948691da91bf9739bee0ffb6e79c8a8a6e088
  languageName: node
  linkType: hard

"querystringify@npm:^2.1.1":
  version: 2.2.0
  resolution: "querystringify@npm:2.2.0::__archiveUrl=https%3A%2F%2Fregistry.npmjs.org%2Fquerystringify%2F-%2Fquerystringify-2.2.0.tgz"
  checksum: 5641ea231bad7ef6d64d9998faca95611ed4b11c2591a8cae741e178a974f6a8e0ebde008475259abe1621cb15e692404e6b6626e927f7b849d5c09392604b15
  languageName: node
  linkType: hard

"react-is@npm:^17.0.1":
  version: 17.0.2
  resolution: "react-is@npm:17.0.2::__archiveUrl=https%3A%2F%2Fregistry.npmjs.org%2Freact-is%2F-%2Freact-is-17.0.2.tgz"
  checksum: 9d6d111d8990dc98bc5402c1266a808b0459b5d54830bbea24c12d908b536df7883f268a7868cfaedde3dd9d4e0d574db456f84d2e6df9c4526f99bb4b5344d8
  languageName: node
  linkType: hard

"react-router-dom@npm:^6.0.0":
  version: 6.3.0
  resolution: "react-router-dom@npm:6.3.0::__archiveUrl=https%3A%2F%2Fregistry.npmjs.org%2Freact-router-dom%2F-%2Freact-router-dom-6.3.0.tgz"
  dependencies:
    history: ^5.2.0
    react-router: 6.3.0
  peerDependencies:
    react: ">=16.8"
    react-dom: ">=16.8"
  checksum: 77603a654f8a8dc7f65535a2e5917a65f8d9ffcb06546d28dd297e52adcc4b8a84377e0115f48dca330b080af2da3e78f29d590c89307094d36927d2b1751ec3
  languageName: node
  linkType: hard

"react-router@npm:6.3.0":
  version: 6.3.0
  resolution: "react-router@npm:6.3.0::__archiveUrl=https%3A%2F%2Fregistry.npmjs.org%2Freact-router%2F-%2Freact-router-6.3.0.tgz"
  dependencies:
    history: ^5.2.0
  peerDependencies:
    react: ">=16.8"
  checksum: 7be673f5e72104be01e6ab274516bdb932efd93305243170690f6560e3bd1035dd1df3d3c9ce1e0f452638a2529f43a1e77dcf0934fc8031c4783da657be13ca
  languageName: node
  linkType: hard

"reflect-metadata@npm:^0.1.13":
  version: 0.1.13
  resolution: "reflect-metadata@npm:0.1.13::__archiveUrl=https%3A%2F%2Fregistry.npmjs.org%2Freflect-metadata%2F-%2Freflect-metadata-0.1.13.tgz"
  checksum: 798d379a7b6f6455501145419505c97dd11cbc23857a386add2b9ef15963ccf15a48d9d15507afe01d4cd74116df8a213247200bac00320bd7c11ddeaa5e8fb4
  languageName: node
  linkType: hard

"regenerator-runtime@npm:^0.13.4":
  version: 0.13.9
  resolution: "regenerator-runtime@npm:0.13.9::__archiveUrl=https%3A%2F%2Fregistry.npmjs.org%2Fregenerator-runtime%2F-%2Fregenerator-runtime-0.13.9.tgz"
  checksum: 65ed455fe5afd799e2897baf691ca21c2772e1a969d19bb0c4695757c2d96249eb74ee3553ea34a91062b2a676beedf630b4c1551cc6299afb937be1426ec55e
  languageName: node
  linkType: hard

"repeat-string@npm:^1.6.1":
  version: 1.6.1
  resolution: "repeat-string@npm:1.6.1::__archiveUrl=https%3A%2F%2Fregistry.npmjs.org%2Frepeat-string%2F-%2Frepeat-string-1.6.1.tgz"
  checksum: 1b809fc6db97decdc68f5b12c4d1a671c8e3f65ec4a40c238bc5200e44e85bcc52a54f78268ab9c29fcf5fe4f1343e805420056d1f30fa9a9ee4c2d93e3cc6c0
  languageName: node
  linkType: hard

"requires-port@npm:^1.0.0":
  version: 1.0.0
  resolution: "requires-port@npm:1.0.0::__archiveUrl=https%3A%2F%2Fregistry.npmjs.org%2Frequires-port%2F-%2Frequires-port-1.0.0.tgz"
  checksum: eee0e303adffb69be55d1a214e415cf42b7441ae858c76dfc5353148644f6fd6e698926fc4643f510d5c126d12a705e7c8ed7e38061113bdf37547ab356797ff
  languageName: node
  linkType: hard

"root-workspace-0b6124@workspace:.":
  version: 0.0.0-use.local
  resolution: "root-workspace-0b6124@workspace:."
  dependencies:
    "@babel/runtime": 7.12.18
    "@teambit/community.envs.community-react": 1.95.12
    "@types/jest": ^26.0.0
    "@types/node": 12.20.4
    "@types/react": ^17.0.8
    "@types/react-dom": ^17.0.5
    "@types/testing-library__jest-dom": 5.9.5
    core-js: ^3.0.0
  languageName: unknown
  linkType: soft

"supports-color@npm:^7.1.0":
  version: 7.2.0
  resolution: "supports-color@npm:7.2.0::__archiveUrl=https%3A%2F%2Fregistry.npmjs.org%2Fsupports-color%2F-%2Fsupports-color-7.2.0.tgz"
  dependencies:
    has-flag: ^4.0.0
  checksum: 3dda818de06ebbe5b9653e07842d9479f3555ebc77e9a0280caf5a14fb877ffee9ed57007c3b78f5a6324b8dbeec648d9e97a24e2ed9fdb81ddc69ea07100f4a
  languageName: node
  linkType: hard

"universalify@npm:^0.1.0":
  version: 0.1.2
  resolution: "universalify@npm:0.1.2::__archiveUrl=https%3A%2F%2Fregistry.npmjs.org%2Funiversalify%2F-%2Funiversalify-0.1.2.tgz"
  checksum: 40cdc60f6e61070fe658ca36016a8f4ec216b29bf04a55dce14e3710cc84c7448538ef4dad3728d0bfe29975ccd7bfb5f414c45e7b78883567fb31b246f02dff
  languageName: node
  linkType: hard

"url-parse@npm:1.5.1":
  version: 1.5.1
  resolution: "url-parse@npm:1.5.1::__archiveUrl=https%3A%2F%2Fregistry.npmjs.org%2Furl-parse%2F-%2Furl-parse-1.5.1.tgz"
  dependencies:
    querystringify: ^2.1.1
    requires-port: ^1.0.0
  checksum: ce5c400db52d83b941944502000081e2338e46834cf16f2888961dc034ea5d49dbeb85ac8fdbe28c3fe738c09320a71a2f6d9286b748895cd464b1e208b6b991
  languageName: node
  linkType: hard

"user-home@npm:^2.0.0":
  version: 2.0.0
  resolution: "user-home@npm:2.0.0::__archiveUrl=https%3A%2F%2Fregistry.npmjs.org%2Fuser-home%2F-%2Fuser-home-2.0.0.tgz"
  dependencies:
    os-homedir: ^1.0.0
  checksum: a3329faa959fcd9e3e01a03347ca974f7f6b8896e6a634f29c61d8d5b61557d853c6fc5a6dff1a28e2da85b400d0e4490368a28de452ba8c41a2bf3a92cb110a
  languageName: node
  linkType: hard
